
Microsoft Visual Studio Solution File, Format Version 12.00
# Visual Studio 15
Project("{FAE04EC0-301F-11D3-BF4B-00C04F79EFBC}") = "test", "test\test.csproj", "{5BF5CC18-FB68-4F88-8113-F61101272951}"
EndProject
Global
	GlobalSection(SolutionConfigurationPlatforms) = preSolution
		Debug|Any CPU = Debug|Any CPU
		Release|Any CPU = Release|Any CPU
	EndGlobalSection
	GlobalSection(ProjectConfigurationPlatforms) = postSolution
		{5BF5CC18-FB68-4F88-8113-F61101272951}.Debug|Any CPU.ActiveCfg = Debug|Any CPU
		{5BF5CC18-FB68-4F88-8113-F61101272951}.Debug|Any CPU.Build.0 = Debug|Any CPU
		{5BF5CC18-FB68-4F88-8113-F61101272951}.Release|Any CPU.ActiveCfg = Release|Any CPU
		{5BF5CC18-FB68-4F88-8113-F61101272951}.Release|Any CPU.Build.0 = Release|Any CPU
	EndGlobalSection
EndGlobal
